
Microsoft Visual Studio Solution File, Format Version 12.00
# Visual Studio Version 17
VisualStudioVersion = 17.5.33516.290
MinimumVisualStudioVersion = 10.0.40219.1
Project("{9A19103F-16F7-4668-BE54-9A1E7A4F7556}") = "Business", "Business\Business.csproj", "{06DD1C4E-503E-40AD-B948-E07DCAA19386}"
EndProject
Project("{9A19103F-16F7-4668-BE54-9A1E7A4F7556}") = "Data", "Data\Data.csproj", "{F7AF649A-E29C-4544-84D8-5E9975B453FC}"
EndProject
Project("{9A19103F-16F7-4668-BE54-9A1E7A4F7556}") = "Entities", "Entities\Entities.csproj", "{72FB1F8A-002D-4BAB-BF1D-83C24D17CC26}"
EndProject
Project("{FAE04EC0-301F-11D3-BF4B-00C04F79EFBC}") = "Core", "Core\Core.csproj", "{CF4077F2-1C48-48B7-8B13-1603951F9541}"
EndProject
Project("{FAE04EC0-301F-11D3-BF4B-00C04F79EFBC}") = "WebApi", "WebApi\WebApi.csproj", "{6EC7F4D8-68A4-483F-B26C-29CB570FAB0C}"
EndProject
Global
	GlobalSection(SolutionConfigurationPlatforms) = preSolution
		Debug|Any CPU = Debug|Any CPU
		Release|Any CPU = Release|Any CPU
	EndGlobalSection
	GlobalSection(ProjectConfigurationPlatforms) = postSolution
		{06DD1C4E-503E-40AD-B948-E07DCAA19386}.Debug|Any CPU.ActiveCfg = Debug|Any CPU
		{06DD1C4E-503E-40AD-B948-E07DCAA19386}.Debug|Any CPU.Build.0 = Debug|Any CPU
		{06DD1C4E-503E-40AD-B948-E07DCAA19386}.Release|Any CPU.ActiveCfg = Release|Any CPU
		{06DD1C4E-503E-40AD-B948-E07DCAA19386}.Release|Any CPU.Build.0 = Release|Any CPU
		{F7AF649A-E29C-4544-84D8-5E9975B453FC}.Debug|Any CPU.ActiveCfg = Debug|Any CPU
		{F7AF649A-E29C-4544-84D8-5E9975B453FC}.Debug|Any CPU.Build.0 = Debug|Any CPU
		{F7AF649A-E29C-4544-84D8-5E9975B453FC}.Release|Any CPU.ActiveCfg = Release|Any CPU
		{F7AF649A-E29C-4544-84D8-5E9975B453FC}.Release|Any CPU.Build.0 = Release|Any CPU
		{72FB1F8A-002D-4BAB-BF1D-83C24D17CC26}.Debug|Any CPU.ActiveCfg = Debug|Any CPU
		{72FB1F8A-002D-4BAB-BF1D-83C24D17CC26}.Debug|Any CPU.Build.0 = Debug|Any CPU
		{72FB1F8A-002D-4BAB-BF1D-83C24D17CC26}.Release|Any CPU.ActiveCfg = Release|Any CPU
		{72FB1F8A-002D-4BAB-BF1D-83C24D17CC26}.Release|Any CPU.Build.0 = Release|Any CPU
		{CF4077F2-1C48-48B7-8B13-1603951F9541}.Debug|Any CPU.ActiveCfg = Debug|Any CPU
		{CF4077F2-1C48-48B7-8B13-1603951F9541}.Debug|Any CPU.Build.0 = Debug|Any CPU
		{CF4077F2-1C48-48B7-8B13-1603951F9541}.Release|Any CPU.ActiveCfg = Release|Any CPU
		{CF4077F2-1C48-48B7-8B13-1603951F9541}.Release|Any CPU.Build.0 = Release|Any CPU
		{6EC7F4D8-68A4-483F-B26C-29CB570FAB0C}.Debug|Any CPU.ActiveCfg = Debug|Any CPU
		{6EC7F4D8-68A4-483F-B26C-29CB570FAB0C}.Debug|Any CPU.Build.0 = Debug|Any CPU
		{6EC7F4D8-68A4-483F-B26C-29CB570FAB0C}.Release|Any CPU.ActiveCfg = Release|Any CPU
		{6EC7F4D8-68A4-483F-B26C-29CB570FAB0C}.Release|Any CPU.Build.0 = Release|Any CPU
	EndGlobalSection
	GlobalSection(SolutionProperties) = preSolution
		HideSolutionNode = FALSE
	EndGlobalSection
	GlobalSection(ExtensibilityGlobals) = postSolution
		SolutionGuid = {A007CACB-009F-4B07-A36A-730D6DA5C91D}
	EndGlobalSection
EndGlobal
